
Microsoft Visual Studio Solution File, Format Version 12.00
# Visual Studio 2017
Project("{FAE04EC0-301F-11D3-BF4B-00C04F79EFBC}") = "GamificationNOKIA", "GamificationNOKIA.csproj", "{2B4F08EB-E2FC-D376-6E7F-96D9C1577692}"
EndProject
Global
	GlobalSection(SolutionConfigurationPlatforms) = preSolution
		Debug|Any CPU = Debug|Any CPU
		Release|Any CPU = Release|Any CPU
	EndGlobalSection
	GlobalSection(ProjectConfigurationPlatforms) = postSolution
		{2B4F08EB-E2FC-D376-6E7F-96D9C1577692}.Debug|Any CPU.ActiveCfg = Debug|Any CPU
		{2B4F08EB-E2FC-D376-6E7F-96D9C1577692}.Debug|Any CPU.Build.0 = Debug|Any CPU
		{2B4F08EB-E2FC-D376-6E7F-96D9C1577692}.Release|Any CPU.ActiveCfg = Release|Any CPU
		{2B4F08EB-E2FC-D376-6E7F-96D9C1577692}.Release|Any CPU.Build.0 = Release|Any CPU
	EndGlobalSection
	GlobalSection(SolutionProperties) = preSolution
		HideSolutionNode = FALSE
	EndGlobalSection
EndGlobal
